
Microsoft Visual Studio Solution File, Format Version 12.00
# Visual Studio Version 17
VisualStudioVersion = 17.7.34031.279
MinimumVisualStudioVersion = 10.0.40219.1
Project("{FAE04EC0-301F-11D3-BF4B-00C04F79EFBC}") = "Skateverse", "Skateverse\Skateverse.csproj", "{DE003495-192C-4291-9488-9DAF80B7675B}"
EndProject
Global
	GlobalSection(SolutionConfigurationPlatforms) = preSolution
		Debug|Any CPU = Debug|Any CPU
		Release|Any CPU = Release|Any CPU
	EndGlobalSection
	GlobalSection(ProjectConfigurationPlatforms) = postSolution
		{DE003495-192C-4291-9488-9DAF80B7675B}.Debug|Any CPU.ActiveCfg = Debug|Any CPU
		{DE003495-192C-4291-9488-9DAF80B7675B}.Debug|Any CPU.Build.0 = Debug|Any CPU
		{DE003495-192C-4291-9488-9DAF80B7675B}.Release|Any CPU.ActiveCfg = Release|Any CPU
		{DE003495-192C-4291-9488-9DAF80B7675B}.Release|Any CPU.Build.0 = Release|Any CPU
	EndGlobalSection
	GlobalSection(SolutionProperties) = preSolution
		HideSolutionNode = FALSE
	EndGlobalSection
	GlobalSection(ExtensibilityGlobals) = postSolution
		SolutionGuid = {63834A93-F814-4A5B-82BA-A70BDDB0131E}
	EndGlobalSection
EndGlobal
